
Microsoft Visual Studio Solution File, Format Version 12.00
# Visual Studio Version 17
VisualStudioVersion = 17.14.36401.2 d17.14
MinimumVisualStudioVersion = 10.0.40219.1
Project("{FAE04EC0-301F-11D3-BF4B-00C04F79EFBC}") = "MEFrpLauncherX.Core", ".\MEFrpLauncherX.Core\MEFrpLauncherX.Core.csproj", "{EEACB8FA-2076-410B-97CD-FD4DF1D3B465}"
EndProject
Project("{FAE04EC0-301F-11D3-BF4B-00C04F79EFBC}") = "MEFrpLauncherX", ".\MEFrpLauncherX\MEFrpLauncherX.csproj", "{6D25D2F5-20C5-4999-8C70-6D8BDFA8389D}"
EndProject
Project("{FAE04EC0-301F-11D3-BF4B-00C04F79EFBC}") = "MarkdownAIRender", ".\MarkdownAIRender\MarkdownAIRender.csproj", "{9D59971E-F6A7-4526-88CD-70674C72A267}"
EndProject
Project("{FAE04EC0-301F-11D3-BF4B-00C04F79EFBC}") = "MEFrpLauncherX.Fonts", ".\MEFrpLauncherX.Fonts\MEFrpLauncherX.Fonts.csproj", "{3DDBD248-E28F-47A2-A3D8-8FDCC6159A16}"
EndProject
Project("{FAE04EC0-301F-11D3-BF4B-00C04F79EFBC}") = "RYCB.PML2.Mixin.TerminalHelper", ".\RYCB.PML2.Mixin.TerminalHelper\RYCB.PML2.Mixin.TerminalHelper.csproj", "{6C07D7EA-57AC-46A0-BEFB-D9C909A8ED43}"
EndProject
Project("{FAE04EC0-301F-11D3-BF4B-00C04F79EFBC}") = "RYCB.PML2.Extensions.MinecraftExtension", "RYCB.PML2.Extensions.MinecraftExtension\RYCB.PML2.Extensions.MinecraftExtension.csproj", "{DB43B627-87FE-429D-9F4E-01E2E1095467}"
EndProject
Global
	GlobalSection(SolutionConfigurationPlatforms) = preSolution
		Debug|Any CPU = Debug|Any CPU
		Release|Any CPU = Release|Any CPU
	EndGlobalSection
	GlobalSection(ProjectConfigurationPlatforms) = postSolution
		{EEACB8FA-2076-410B-97CD-FD4DF1D3B465}.Debug|Any CPU.ActiveCfg = Debug|Any CPU
		{EEACB8FA-2076-410B-97CD-FD4DF1D3B465}.Debug|Any CPU.Build.0 = Debug|Any CPU
		{EEACB8FA-2076-410B-97CD-FD4DF1D3B465}.Release|Any CPU.ActiveCfg = Release|Any CPU
		{EEACB8FA-2076-410B-97CD-FD4DF1D3B465}.Release|Any CPU.Build.0 = Release|Any CPU
		{6D25D2F5-20C5-4999-8C70-6D8BDFA8389D}.Debug|Any CPU.ActiveCfg = Debug|Any CPU
		{6D25D2F5-20C5-4999-8C70-6D8BDFA8389D}.Debug|Any CPU.Build.0 = Debug|Any CPU
		{6D25D2F5-20C5-4999-8C70-6D8BDFA8389D}.Release|Any CPU.ActiveCfg = Release|Any CPU
		{6D25D2F5-20C5-4999-8C70-6D8BDFA8389D}.Release|Any CPU.Build.0 = Release|Any CPU
		{9D59971E-F6A7-4526-88CD-70674C72A267}.Debug|Any CPU.ActiveCfg = Debug|Any CPU
		{9D59971E-F6A7-4526-88CD-70674C72A267}.Debug|Any CPU.Build.0 = Debug|Any CPU
		{9D59971E-F6A7-4526-88CD-70674C72A267}.Release|Any CPU.ActiveCfg = Release|Any CPU
		{9D59971E-F6A7-4526-88CD-70674C72A267}.Release|Any CPU.Build.0 = Release|Any CPU
		{3DDBD248-E28F-47A2-A3D8-8FDCC6159A16}.Debug|Any CPU.ActiveCfg = Debug|Any CPU
		{3DDBD248-E28F-47A2-A3D8-8FDCC6159A16}.Debug|Any CPU.Build.0 = Debug|Any CPU
		{3DDBD248-E28F-47A2-A3D8-8FDCC6159A16}.Release|Any CPU.ActiveCfg = Release|Any CPU
		{3DDBD248-E28F-47A2-A3D8-8FDCC6159A16}.Release|Any CPU.Build.0 = Release|Any CPU
		{6C07D7EA-57AC-46A0-BEFB-D9C909A8ED43}.Debug|Any CPU.ActiveCfg = Debug|Any CPU
		{6C07D7EA-57AC-46A0-BEFB-D9C909A8ED43}.Debug|Any CPU.Build.0 = Debug|Any CPU
		{6C07D7EA-57AC-46A0-BEFB-D9C909A8ED43}.Release|Any CPU.ActiveCfg = Release|Any CPU
		{6C07D7EA-57AC-46A0-BEFB-D9C909A8ED43}.Release|Any CPU.Build.0 = Release|Any CPU
		{DB43B627-87FE-429D-9F4E-01E2E1095467}.Debug|Any CPU.ActiveCfg = Debug|Any CPU
		{DB43B627-87FE-429D-9F4E-01E2E1095467}.Debug|Any CPU.Build.0 = Debug|Any CPU
		{DB43B627-87FE-429D-9F4E-01E2E1095467}.Release|Any CPU.ActiveCfg = Release|Any CPU
		{DB43B627-87FE-429D-9F4E-01E2E1095467}.Release|Any CPU.Build.0 = Release|Any CPU
	EndGlobalSection
	GlobalSection(SolutionProperties) = preSolution
		HideSolutionNode = FALSE
	EndGlobalSection
	GlobalSection(ExtensibilityGlobals) = postSolution
		SolutionGuid = {6BA73C12-227C-4278-8033-3DC0D1904D41}
	EndGlobalSection
EndGlobal
